
Microsoft Visual Studio Solution File, Format Version 12.00
# Visual Studio Version 16
VisualStudioVersion = 16.0.33801.447
MinimumVisualStudioVersion = 10.0.40219.1
Project("{9A19103F-16F7-4668-BE54-9A1E7A4F7556}") = "Quest01", "Quest01\Quest01.csproj", "{9B0011BE-7C13-4A6E-92E5-6963578A58F5}"
EndProject
Project("{9A19103F-16F7-4668-BE54-9A1E7A4F7556}") = "Quest02", "Quest02\Quest02.csproj", "{9628A81A-EBC3-4DBF-977E-5205FB3AD1C0}"
EndProject
Project("{9A19103F-16F7-4668-BE54-9A1E7A4F7556}") = "Quest03", "Quest03\Quest03.csproj", "{77D21C53-8E7B-427F-9294-24F1340C2A0E}"
EndProject
Project("{9A19103F-16F7-4668-BE54-9A1E7A4F7556}") = "Quest04", "Quest04\Quest04.csproj", "{9693CA9F-9274-4405-980C-44153D94B264}"
EndProject
Project("{9A19103F-16F7-4668-BE54-9A1E7A4F7556}") = "TemporaryXyita", "TemporaryXyita\TemporaryXyita.csproj", "{726AECBE-AA4C-4C02-9A05-649321DB4CEA}"
EndProject
Project("{9A19103F-16F7-4668-BE54-9A1E7A4F7556}") = "Quest05", "Quest05\Quest05.csproj", "{95D72C9C-5837-4471-928F-8CC2982439C7}"
EndProject
Project("{9A19103F-16F7-4668-BE54-9A1E7A4F7556}") = "Quest06", "Quest06\Quest06.csproj", "{13C7FA90-10A5-484E-8C46-A4AD3D5C9B56}"
EndProject
Project("{9A19103F-16F7-4668-BE54-9A1E7A4F7556}") = "Quest07", "Quest07\Quest07.csproj", "{7A8299C1-9849-4B9F-8C56-E66E60F555D0}"
EndProject
Project("{9A19103F-16F7-4668-BE54-9A1E7A4F7556}") = "Quest08", "Quest08\Quest08.csproj", "{DF2844D8-80CC-4A42-A7B6-9E3C5F53E1E3}"
EndProject
Project("{9A19103F-16F7-4668-BE54-9A1E7A4F7556}") = "Quest09", "Quest09\Quest09.csproj", "{6BB99016-D69F-4390-B99A-7CCB94A18F00}"
EndProject
Project("{9A19103F-16F7-4668-BE54-9A1E7A4F7556}") = "Quest10", "Quest10\Quest10.csproj", "{A767DD7F-278A-416A-8A11-CDB29D298020}"
EndProject
Project("{9A19103F-16F7-4668-BE54-9A1E7A4F7556}") = "Quest11", "Quest11\Quest11.csproj", "{09F424B6-AA33-4902-A119-60F13E3B5BB2}"
EndProject
Project("{9A19103F-16F7-4668-BE54-9A1E7A4F7556}") = "Quest12", "Quest12\Quest12.csproj", "{664ED30F-104E-4315-8794-AAC1EB7C5221}"
EndProject
Project("{9A19103F-16F7-4668-BE54-9A1E7A4F7556}") = "Quest13", "Quest13\Quest13.csproj", "{6E95E5DE-D299-4A61-8F32-0AECD0EFC579}"
EndProject
Project("{9A19103F-16F7-4668-BE54-9A1E7A4F7556}") = "Quest14", "Quest14\Quest14.csproj", "{A4C68FEF-B4FB-4BB1-8612-404E700A71FA}"
EndProject
Project("{9A19103F-16F7-4668-BE54-9A1E7A4F7556}") = "Quest15", "Quest15\Quest15.csproj", "{7B5423FA-8FA0-4C7D-99D1-437E23AC0D05}"
EndProject
Project("{9A19103F-16F7-4668-BE54-9A1E7A4F7556}") = "Quest16", "Quest16\Quest16.csproj", "{4937AD3A-EB0D-4554-B3F7-1202DF317612}"
EndProject
Project("{FAE04EC0-301F-11D3-BF4B-00C04F79EFBC}") = "Quest17", "Quest17\Quest17.csproj", "{D491441F-6D08-4764-B078-7FF4E6D4F034}"
EndProject
Project("{FAE04EC0-301F-11D3-BF4B-00C04F79EFBC}") = "Quest18", "Quest18\Quest18.csproj", "{40304AE1-DBD7-4E67-8CC0-F0B6050FCBA2}"
EndProject
Global
	GlobalSection(SolutionConfigurationPlatforms) = preSolution
		Debug|Any CPU = Debug|Any CPU
		Release|Any CPU = Release|Any CPU
	EndGlobalSection
	GlobalSection(ProjectConfigurationPlatforms) = postSolution
		{9B0011BE-7C13-4A6E-92E5-6963578A58F5}.Debug|Any CPU.ActiveCfg = Debug|Any CPU
		{9B0011BE-7C13-4A6E-92E5-6963578A58F5}.Debug|Any CPU.Build.0 = Debug|Any CPU
		{9B0011BE-7C13-4A6E-92E5-6963578A58F5}.Release|Any CPU.ActiveCfg = Release|Any CPU
		{9B0011BE-7C13-4A6E-92E5-6963578A58F5}.Release|Any CPU.Build.0 = Release|Any CPU
		{9628A81A-EBC3-4DBF-977E-5205FB3AD1C0}.Debug|Any CPU.ActiveCfg = Debug|Any CPU
		{9628A81A-EBC3-4DBF-977E-5205FB3AD1C0}.Debug|Any CPU.Build.0 = Debug|Any CPU
		{9628A81A-EBC3-4DBF-977E-5205FB3AD1C0}.Release|Any CPU.ActiveCfg = Release|Any CPU
		{9628A81A-EBC3-4DBF-977E-5205FB3AD1C0}.Release|Any CPU.Build.0 = Release|Any CPU
		{77D21C53-8E7B-427F-9294-24F1340C2A0E}.Debug|Any CPU.ActiveCfg = Debug|Any CPU
		{77D21C53-8E7B-427F-9294-24F1340C2A0E}.Debug|Any CPU.Build.0 = Debug|Any CPU
		{77D21C53-8E7B-427F-9294-24F1340C2A0E}.Release|Any CPU.ActiveCfg = Release|Any CPU
		{77D21C53-8E7B-427F-9294-24F1340C2A0E}.Release|Any CPU.Build.0 = Release|Any CPU
		{9693CA9F-9274-4405-980C-44153D94B264}.Debug|Any CPU.ActiveCfg = Debug|Any CPU
		{9693CA9F-9274-4405-980C-44153D94B264}.Debug|Any CPU.Build.0 = Debug|Any CPU
		{9693CA9F-9274-4405-980C-44153D94B264}.Release|Any CPU.ActiveCfg = Release|Any CPU
		{9693CA9F-9274-4405-980C-44153D94B264}.Release|Any CPU.Build.0 = Release|Any CPU
		{726AECBE-AA4C-4C02-9A05-649321DB4CEA}.Debug|Any CPU.ActiveCfg = Debug|Any CPU
		{726AECBE-AA4C-4C02-9A05-649321DB4CEA}.Debug|Any CPU.Build.0 = Debug|Any CPU
		{726AECBE-AA4C-4C02-9A05-649321DB4CEA}.Release|Any CPU.ActiveCfg = Release|Any CPU
		{726AECBE-AA4C-4C02-9A05-649321DB4CEA}.Release|Any CPU.Build.0 = Release|Any CPU
		{95D72C9C-5837-4471-928F-8CC2982439C7}.Debug|Any CPU.ActiveCfg = Debug|Any CPU
		{95D72C9C-5837-4471-928F-8CC2982439C7}.Debug|Any CPU.Build.0 = Debug|Any CPU
		{95D72C9C-5837-4471-928F-8CC2982439C7}.Release|Any CPU.ActiveCfg = Release|Any CPU
		{95D72C9C-5837-4471-928F-8CC2982439C7}.Release|Any CPU.Build.0 = Release|Any CPU
		{13C7FA90-10A5-484E-8C46-A4AD3D5C9B56}.Debug|Any CPU.ActiveCfg = Debug|Any CPU
		{13C7FA90-10A5-484E-8C46-A4AD3D5C9B56}.Debug|Any CPU.Build.0 = Debug|Any CPU
		{13C7FA90-10A5-484E-8C46-A4AD3D5C9B56}.Release|Any CPU.ActiveCfg = Release|Any CPU
		{13C7FA90-10A5-484E-8C46-A4AD3D5C9B56}.Release|Any CPU.Build.0 = Release|Any CPU
		{7A8299C1-9849-4B9F-8C56-E66E60F555D0}.Debug|Any CPU.ActiveCfg = Debug|Any CPU
		{7A8299C1-9849-4B9F-8C56-E66E60F555D0}.Debug|Any CPU.Build.0 = Debug|Any CPU
		{7A8299C1-9849-4B9F-8C56-E66E60F555D0}.Release|Any CPU.ActiveCfg = Release|Any CPU
		{7A8299C1-9849-4B9F-8C56-E66E60F555D0}.Release|Any CPU.Build.0 = Release|Any CPU
		{DF2844D8-80CC-4A42-A7B6-9E3C5F53E1E3}.Debug|Any CPU.ActiveCfg = Debug|Any CPU
		{DF2844D8-80CC-4A42-A7B6-9E3C5F53E1E3}.Debug|Any CPU.Build.0 = Debug|Any CPU
		{DF2844D8-80CC-4A42-A7B6-9E3C5F53E1E3}.Release|Any CPU.ActiveCfg = Release|Any CPU
		{DF2844D8-80CC-4A42-A7B6-9E3C5F53E1E3}.Release|Any CPU.Build.0 = Release|Any CPU
		{6BB99016-D69F-4390-B99A-7CCB94A18F00}.Debug|Any CPU.ActiveCfg = Debug|Any CPU
		{6BB99016-D69F-4390-B99A-7CCB94A18F00}.Debug|Any CPU.Build.0 = Debug|Any CPU
		{6BB99016-D69F-4390-B99A-7CCB94A18F00}.Release|Any CPU.ActiveCfg = Release|Any CPU
		{6BB99016-D69F-4390-B99A-7CCB94A18F00}.Release|Any CPU.Build.0 = Release|Any CPU
		{A767DD7F-278A-416A-8A11-CDB29D298020}.Debug|Any CPU.ActiveCfg = Debug|Any CPU
		{A767DD7F-278A-416A-8A11-CDB29D298020}.Debug|Any CPU.Build.0 = Debug|Any CPU
		{A767DD7F-278A-416A-8A11-CDB29D298020}.Release|Any CPU.ActiveCfg = Release|Any CPU
		{A767DD7F-278A-416A-8A11-CDB29D298020}.Release|Any CPU.Build.0 = Release|Any CPU
		{09F424B6-AA33-4902-A119-60F13E3B5BB2}.Debug|Any CPU.ActiveCfg = Debug|Any CPU
		{09F424B6-AA33-4902-A119-60F13E3B5BB2}.Debug|Any CPU.Build.0 = Debug|Any CPU
		{09F424B6-AA33-4902-A119-60F13E3B5BB2}.Release|Any CPU.ActiveCfg = Release|Any CPU
		{09F424B6-AA33-4902-A119-60F13E3B5BB2}.Release|Any CPU.Build.0 = Release|Any CPU
		{664ED30F-104E-4315-8794-AAC1EB7C5221}.Debug|Any CPU.ActiveCfg = Debug|Any CPU
		{664ED30F-104E-4315-8794-AAC1EB7C5221}.Debug|Any CPU.Build.0 = Debug|Any CPU
		{664ED30F-104E-4315-8794-AAC1EB7C5221}.Release|Any CPU.ActiveCfg = Release|Any CPU
		{664ED30F-104E-4315-8794-AAC1EB7C5221}.Release|Any CPU.Build.0 = Release|Any CPU
		{6E95E5DE-D299-4A61-8F32-0AECD0EFC579}.Debug|Any CPU.ActiveCfg = Debug|Any CPU
		{6E95E5DE-D299-4A61-8F32-0AECD0EFC579}.Debug|Any CPU.Build.0 = Debug|Any CPU
		{6E95E5DE-D299-4A61-8F32-0AECD0EFC579}.Release|Any CPU.ActiveCfg = Release|Any CPU
		{6E95E5DE-D299-4A61-8F32-0AECD0EFC579}.Release|Any CPU.Build.0 = Release|Any CPU
		{A4C68FEF-B4FB-4BB1-8612-404E700A71FA}.Debug|Any CPU.ActiveCfg = Debug|Any CPU
		{A4C68FEF-B4FB-4BB1-8612-404E700A71FA}.Debug|Any CPU.Build.0 = Debug|Any CPU
		{A4C68FEF-B4FB-4BB1-8612-404E700A71FA}.Release|Any CPU.ActiveCfg = Release|Any CPU
		{A4C68FEF-B4FB-4BB1-8612-404E700A71FA}.Release|Any CPU.Build.0 = Release|Any CPU
		{7B5423FA-8FA0-4C7D-99D1-437E23AC0D05}.Debug|Any CPU.ActiveCfg = Debug|Any CPU
		{7B5423FA-8FA0-4C7D-99D1-437E23AC0D05}.Debug|Any CPU.Build.0 = Debug|Any CPU
		{7B5423FA-8FA0-4C7D-99D1-437E23AC0D05}.Release|Any CPU.ActiveCfg = Release|Any CPU
		{7B5423FA-8FA0-4C7D-99D1-437E23AC0D05}.Release|Any CPU.Build.0 = Release|Any CPU
		{4937AD3A-EB0D-4554-B3F7-1202DF317612}.Debug|Any CPU.ActiveCfg = Debug|Any CPU
		{4937AD3A-EB0D-4554-B3F7-1202DF317612}.Debug|Any CPU.Build.0 = Debug|Any CPU
		{4937AD3A-EB0D-4554-B3F7-1202DF317612}.Release|Any CPU.ActiveCfg = Release|Any CPU
		{4937AD3A-EB0D-4554-B3F7-1202DF317612}.Release|Any CPU.Build.0 = Release|Any CPU
		{D491441F-6D08-4764-B078-7FF4E6D4F034}.Debug|Any CPU.ActiveCfg = Debug|Any CPU
		{D491441F-6D08-4764-B078-7FF4E6D4F034}.Debug|Any CPU.Build.0 = Debug|Any CPU
		{D491441F-6D08-4764-B078-7FF4E6D4F034}.Release|Any CPU.ActiveCfg = Release|Any CPU
		{D491441F-6D08-4764-B078-7FF4E6D4F034}.Release|Any CPU.Build.0 = Release|Any CPU
		{40304AE1-DBD7-4E67-8CC0-F0B6050FCBA2}.Debug|Any CPU.ActiveCfg = Debug|Any CPU
		{40304AE1-DBD7-4E67-8CC0-F0B6050FCBA2}.Debug|Any CPU.Build.0 = Debug|Any CPU
		{40304AE1-DBD7-4E67-8CC0-F0B6050FCBA2}.Release|Any CPU.ActiveCfg = Release|Any CPU
		{40304AE1-DBD7-4E67-8CC0-F0B6050FCBA2}.Release|Any CPU.Build.0 = Release|Any CPU
	EndGlobalSection
	GlobalSection(SolutionProperties) = preSolution
		HideSolutionNode = FALSE
	EndGlobalSection
	GlobalSection(ExtensibilityGlobals) = postSolution
		SolutionGuid = {0C54733F-6CE9-4C6D-B26E-6ED4D6714C57}
	EndGlobalSection
EndGlobal
